Microsoft Visual Studio Solution File, Format Version 12.00
# Visual Studio 15
VisualStudioVersion = 15.0.28307.168
MinimumVisualStudioVersion = 10.0.40219.1
Project("{2150E333-8FDC-42A3-9474-1A3956D46DE8}") = "Week 1", "Week 1", "{C1E23B86-76E9-4DBE-B642-066EF41B321C}"
EndProject
Project("{2150E333-8FDC-42A3-9474-1A3956D46DE8}") = "Solution Items", "Solution Items", "{45983CC5-FC54-443B-AC82-0D320833E483}"
	ProjectSection(SolutionItems) = preProject
		Daniel_Antonov_RLog.xlsx = Daniel_Antonov_RLog.xlsx
	EndProjectSection
EndProject
Project("{2150E333-8FDC-42A3-9474-1A3956D46DE8}") = "Week 2", "Week 2", "{FDCA9190-24DA-4342-9DCD-F4D9309F4FD3}"
EndProject
Project("{2150E333-8FDC-42A3-9474-1A3956D46DE8}") = "Week 3", "Week 3", "{CEECEFAD-DEA5-4DDC-914E-58BF972E9B79}"
	ProjectSection(SolutionItems) = preProject
		Week 3\app.js = Week 3\app.js
		Week 3\arraymethods.js = Week 3\arraymethods.js
		Week 3\arrays.js = Week 3\arrays.js
		Week 3\arrow-functions.js = Week 3\arrow-functions.js
		Week 3\classes.js = Week 3\classes.js
		Week 3\closures.js = Week 3\closures.js
		Week 3\coercion.js = Week 3\coercion.js
		Week 3\constructors.js = Week 3\constructors.js
		Week 3\datatypes.js = Week 3\datatypes.js
		Week 3\date.js = Week 3\date.js
		Week 3\decisions.js = Week 3\decisions.js
		Week 3\destructuring.js = Week 3\destructuring.js
		Week 3\dom-intro.html = Week 3\dom-intro.html
		Week 3\dom-intro.js = Week 3\dom-intro.js
		Week 3\dom-nodes.css = Week 3\dom-nodes.css
		Week 3\dom-nodes.html = Week 3\dom-nodes.html
		Week 3\dom-nodes.js = Week 3\dom-nodes.js
		Week 3\expressions.js = Week 3\expressions.js
		Week 3\function-expressions.js = Week 3\function-expressions.js
		Week 3\functions.js = Week 3\functions.js
		Week 3\iterations.js = Week 3\iterations.js
		Week 3\module-pattern.js = Week 3\module-pattern.js
		Week 3\natives.js = Week 3\natives.js
		Week 3\null.js = Week 3\null.js
		Week 3\object.js = Week 3\object.js
		Week 3\prototypes.js = Week 3\prototypes.js
		Week 3\regex.js = Week 3\regex.js
		Week 3\returning-functions.js = Week 3\returning-functions.js
		Week 3\revealing-module.js = Week 3\revealing-module.js
		Week 3\scopeBasics.js = Week 3\scopeBasics.js
		Week 3\string-templates.js = Week 3\string-templates.js
		Week 3\stringmethods.js = Week 3\stringmethods.js
		Week 3\this-keyword.html = Week 3\this-keyword.html
		Week 3\this-keyword.js = Week 3\this-keyword.js
		Week 3\truthyfalsyvalues.js = Week 3\truthyfalsyvalues.js
		Week 3\trycatch.js = Week 3\trycatch.js
		Week 3\variables.js = Week 3\variables.js
	EndProjectSection
EndProject
Project("{2150E333-8FDC-42A3-9474-1A3956D46DE8}") = "Week 4", "Week 4", "{7D8C5DF1-9ED5-4599-BBD2-80111B86EA9A}"
EndProject
Project("{FAE04EC0-301F-11D3-BF4B-00C04F79EFBC}") = "ClassLibrary", "Week 1\ClassLibrary\ClassLibrary.csproj", "{382FFAF1-5C1E-4298-AE9B-053AF025EC94}"
EndProject
Project("{FAE04EC0-301F-11D3-BF4B-00C04F79EFBC}") = "Collections", "Week 1\Collections\Collections.csproj", "{C9FC4A94-A3EA-4346-BCF5-08FF4FE9A382}"
EndProject
Project("{FAE04EC0-301F-11D3-BF4B-00C04F79EFBC}") = "EnumAndSwitch", "Week 1\EnumAndSwitch\EnumAndSwitch.csproj", "{61B65C1C-E846-41B6-A8B1-F690A28EFEFE}"
EndProject
Project("{FAE04EC0-301F-11D3-BF4B-00C04F79EFBC}") = "Exercises", "Week 1\Exercises\Exercises.csproj", "{8C16E19E-55E0-4E6C-A912-C7554A38ACF8}"
EndProject
Project("{FAE04EC0-301F-11D3-BF4B-00C04F79EFBC}") = "LINQ", "Week 1\LINQ\LINQ.csproj", "{B2C94361-913A-4AAF-9027-8919BC038E6B}"
EndProject
Project("{9A19103F-16F7-4668-BE54-9A1E7A4F7556}") = "MyCodeLibrary", "Week 1\MyCodeLibrary\MyCodeLibrary.csproj", "{DE1F3C0D-0E73-444C-A114-CD20FB2E1527}"
EndProject
Project("{2150E333-8FDC-42A3-9474-1A3956D46DE8}") = "Lesson 02", "Lesson 02", "{2770DD4C-01AB-48F7-8CF8-A697AD3BA625}"
	ProjectSection(SolutionItems) = preProject
		Week 2\Lesson02\Work\Before.html = Week 2\Lesson02\Work\Before.html
		Week 2\Lesson02\Work\http-message.gif = Week 2\Lesson02\Work\http-message.gif
		Week 2\Lesson02\Work\www-diagram.gif = Week 2\Lesson02\Work\www-diagram.gif
	EndProjectSection
EndProject
Project("{2150E333-8FDC-42A3-9474-1A3956D46DE8}") = "Lesson 03", "Lesson 03", "{5A5732B1-FCC8-45F0-8E84-8906EA536EB2}"
	ProjectSection(SolutionItems) = preProject
		Week 2\Lesson04\Before\Lesson03.html = Week 2\Lesson04\Before\Lesson03.html
		Week 2\Lesson04\Before\styles.css = Week 2\Lesson04\Before\styles.css
	EndProjectSection
EndProject
Project("{2150E333-8FDC-42A3-9474-1A3956D46DE8}") = "Lesson 04", "Lesson 04", "{38634867-D5F1-4A99-BFD4-672150CAAF93}"
	ProjectSection(SolutionItems) = preProject
		Week 2\Lesson05\Work\another.html = Week 2\Lesson05\Work\another.html
		Week 2\Lesson05\Work\Lesson04.html = Week 2\Lesson05\Work\Lesson04.html
	EndProjectSection
EndProject
Project("{2150E333-8FDC-42A3-9474-1A3956D46DE8}") = "Lesson 05", "Lesson 05", "{8A1147AD-382F-415D-96D4-7532A056D864}"
	ProjectSection(SolutionItems) = preProject
		Week 2\Lesson06\lesson05.html = Week 2\Lesson06\lesson05.html
	EndProjectSection
EndProject
Project("{2150E333-8FDC-42A3-9474-1A3956D46DE8}") = "Lesson 06", "Lesson 06", "{76ABC273-A196-4B25-8F8D-4FB1F8911E07}"
	ProjectSection(SolutionItems) = preProject
		Week 2\Lesson08\Work\Lesson06.html = Week 2\Lesson08\Work\Lesson06.html
	EndProjectSection
EndProject
Project("{2150E333-8FDC-42A3-9474-1A3956D46DE8}") = "Lesson 07", "Lesson 07", "{9668BA24-B0A1-4833-B423-7DE6CCE2F22D}"
	ProjectSection(SolutionItems) = preProject
		Week 2\Lesson09\Work\Lesson07.html = Week 2\Lesson09\Work\Lesson07.html
	EndProjectSection
EndProject
Project("{2150E333-8FDC-42A3-9474-1A3956D46DE8}") = "Lesson 08", "Lesson 08", "{AE67F99A-EC24-40F2-B46A-C4729B2FB4F4}"
	ProjectSection(SolutionItems) = preProject
		Week 2\Lesson10\Work\Lesson8.html = Week 2\Lesson10\Work\Lesson8.html
	EndProjectSection
EndProject
Project("{2150E333-8FDC-42A3-9474-1A3956D46DE8}") = "Lesson 09", "Lesson 09", "{BB0F4798-8FFE-42AA-9A72-0D713955DDCA}"
	ProjectSection(SolutionItems) = preProject
		Week 2\Lesson11\Work\Lesson9.html = Week 2\Lesson11\Work\Lesson9.html
	EndProjectSection
EndProject
Project("{2150E333-8FDC-42A3-9474-1A3956D46DE8}") = "subfolder", "subfolder", "{EE7DB842-B366-4079-A504-2E84231BFFED}"
	ProjectSection(SolutionItems) = preProject
		Week 2\Lesson05\Work\subfolder\subfolder.html = Week 2\Lesson05\Work\subfolder\subfolder.html
	EndProjectSection
EndProject
Project("{2150E333-8FDC-42A3-9474-1A3956D46DE8}") = "Lesson 10", "Lesson 10", "{DDD20B7C-C4C6-41D1-A309-AB2724C9961C}"
	ProjectSection(SolutionItems) = preProject
		Week 2\Lesson12\Work\Lesson10.html = Week 2\Lesson12\Work\Lesson10.html
		Week 2\Lesson12\Work\styles.css = Week 2\Lesson12\Work\styles.css
	EndProjectSection
EndProject
Project("{2150E333-8FDC-42A3-9474-1A3956D46DE8}") = "Lesson 11", "Lesson 11", "{2653202E-34C2-4348-BB09-6FE10D7E43C7}"
	ProjectSection(SolutionItems) = preProject
		Week 2\Lesson13\Lesson11.html = Week 2\Lesson13\Lesson11.html
	EndProjectSection
EndProject
Project("{2150E333-8FDC-42A3-9474-1A3956D46DE8}") = "Lesson 13", "Lesson 13", "{7FD79696-5B2A-4BF0-A18A-9B39E5460DD9}"
	ProjectSection(SolutionItems) = preProject
		Week 2\Lesson14\Lesson13.html = Week 2\Lesson14\Lesson13.html
	EndProjectSection
EndProject
Project("{2150E333-8FDC-42A3-9474-1A3956D46DE8}") = "Lesson 14", "Lesson 14", "{CBCA5CFA-A563-4B5D-813D-71EB149B5F8C}"
	ProjectSection(SolutionItems) = preProject
		Week 2\Lesson15\Lesson14.html = Week 2\Lesson15\Lesson14.html
	EndProjectSection
EndProject
Project("{2150E333-8FDC-42A3-9474-1A3956D46DE8}") = "Lesson 15", "Lesson 15", "{A5519046-F967-44DA-B90E-058B8ECACFA6}"
	ProjectSection(SolutionItems) = preProject
		Week 2\Lesson16\Lesson15.html = Week 2\Lesson16\Lesson15.html
	EndProjectSection
EndProject
Project("{2150E333-8FDC-42A3-9474-1A3956D46DE8}") = "Lesson 16", "Lesson 16", "{1F03526F-FFEE-4182-A250-6E270A3C18AE}"
	ProjectSection(SolutionItems) = preProject
		Week 2\Lesson17\Work\Lesson16.html = Week 2\Lesson17\Work\Lesson16.html
		Week 2\Lesson17\Work\styles.css = Week 2\Lesson17\Work\styles.css
	EndProjectSection
EndProject
Project("{2150E333-8FDC-42A3-9474-1A3956D46DE8}") = "Lesson 17", "Lesson 17", "{D454983C-A73E-44A6-AD7F-893B44C566CB}"
	ProjectSection(SolutionItems) = preProject
		Week 2\Lesson18\Work\Lesson17.html = Week 2\Lesson18\Work\Lesson17.html
	EndProjectSection
EndProject
Project("{2150E333-8FDC-42A3-9474-1A3956D46DE8}") = "Lesson 18", "Lesson 18", "{53C1618C-BCF7-4AFF-89FB-175756CDD56F}"
	ProjectSection(SolutionItems) = preProject
		Week 2\Lesson19\Lesson18.html = Week 2\Lesson19\Lesson18.html
	EndProjectSection
EndProject
Project("{2150E333-8FDC-42A3-9474-1A3956D46DE8}") = "Lesson 19", "Lesson 19", "{AE402E79-2319-4C1E-A3A9-74C131023F6A}"
	ProjectSection(SolutionItems) = preProject
		Week 2\Lesson20\copy_paste_svg.html = Week 2\Lesson20\copy_paste_svg.html
	EndProjectSection
EndProject
Project("{9A19103F-16F7-4668-BE54-9A1E7A4F7556}") = "Laborid", "Week 4\Laborid\Laborid.csproj", "{D6A5E940-820E-42E1-8C71-E253C841C602}"
EndProject
Project("{9A19103F-16F7-4668-BE54-9A1E7A4F7556}") = "Facade", "Week 4\Facade\Facade.csproj", "{40E464E4-296A-437F-B076-2180A801E366}"
EndProject
Project("{9A19103F-16F7-4668-BE54-9A1E7A4F7556}") = "Core", "Week 4\Core\Core.csproj", "{1ADC1C31-C821-429C-AD6B-780A164512EE}"
EndProject
Project("{9A19103F-16F7-4668-BE54-9A1E7A4F7556}") = "Infra", "Week 4\Infra\Infra.csproj", "{E12A411F-2B7E-4854-B376-3FCDE48B5010}"
EndProject
Project("{FAE04EC0-301F-11D3-BF4B-00C04F79EFBC}") = "Tests", "Tests\Tests.csproj", "{8CFD16F2-095A-4F16-927F-20FC33DB6B22}"
EndProject
Global
	GlobalSection(SolutionConfigurationPlatforms) = preSolution
		Debug|Any CPU = Debug|Any CPU
		Debug|x86 = Debug|x86
		Release|Any CPU = Release|Any CPU
		Release|x86 = Release|x86
	EndGlobalSection
	GlobalSection(ProjectConfigurationPlatforms) = postSolution
		{382FFAF1-5C1E-4298-AE9B-053AF025EC94}.Debug|Any CPU.ActiveCfg = Debug|x86
		{382FFAF1-5C1E-4298-AE9B-053AF025EC94}.Debug|x86.ActiveCfg = Debug|x86
		{382FFAF1-5C1E-4298-AE9B-053AF025EC94}.Debug|x86.Build.0 = Debug|x86
		{382FFAF1-5C1E-4298-AE9B-053AF025EC94}.Release|Any CPU.ActiveCfg = Release|x86
		{382FFAF1-5C1E-4298-AE9B-053AF025EC94}.Release|x86.ActiveCfg = Release|x86
		{382FFAF1-5C1E-4298-AE9B-053AF025EC94}.Release|x86.Build.0 = Release|x86
		{C9FC4A94-A3EA-4346-BCF5-08FF4FE9A382}.Debug|Any CPU.ActiveCfg = Debug|x86
		{C9FC4A94-A3EA-4346-BCF5-08FF4FE9A382}.Debug|x86.ActiveCfg = Debug|x86
		{C9FC4A94-A3EA-4346-BCF5-08FF4FE9A382}.Debug|x86.Build.0 = Debug|x86
		{C9FC4A94-A3EA-4346-BCF5-08FF4FE9A382}.Release|Any CPU.ActiveCfg = Release|x86
		{C9FC4A94-A3EA-4346-BCF5-08FF4FE9A382}.Release|x86.ActiveCfg = Release|x86
		{C9FC4A94-A3EA-4346-BCF5-08FF4FE9A382}.Release|x86.Build.0 = Release|x86
		{61B65C1C-E846-41B6-A8B1-F690A28EFEFE}.Debug|Any CPU.ActiveCfg = Debug|x86
		{61B65C1C-E846-41B6-A8B1-F690A28EFEFE}.Debug|x86.ActiveCfg = Debug|x86
		{61B65C1C-E846-41B6-A8B1-F690A28EFEFE}.Debug|x86.Build.0 = Debug|x86
		{61B65C1C-E846-41B6-A8B1-F690A28EFEFE}.Release|Any CPU.ActiveCfg = Release|x86
		{61B65C1C-E846-41B6-A8B1-F690A28EFEFE}.Release|x86.ActiveCfg = Release|x86
		{61B65C1C-E846-41B6-A8B1-F690A28EFEFE}.Release|x86.Build.0 = Release|x86
		{8C16E19E-55E0-4E6C-A912-C7554A38ACF8}.Debug|Any CPU.ActiveCfg = Debug|x86
		{8C16E19E-55E0-4E6C-A912-C7554A38ACF8}.Debug|x86.ActiveCfg = Debug|x86
		{8C16E19E-55E0-4E6C-A912-C7554A38ACF8}.Debug|x86.Build.0 = Debug|x86
		{8C16E19E-55E0-4E6C-A912-C7554A38ACF8}.Release|Any CPU.ActiveCfg = Release|x86
		{8C16E19E-55E0-4E6C-A912-C7554A38ACF8}.Release|x86.ActiveCfg = Release|x86
		{8C16E19E-55E0-4E6C-A912-C7554A38ACF8}.Release|x86.Build.0 = Release|x86
		{B2C94361-913A-4AAF-9027-8919BC038E6B}.Debug|Any CPU.ActiveCfg = Debug|x86
		{B2C94361-913A-4AAF-9027-8919BC038E6B}.Debug|x86.ActiveCfg = Debug|x86
		{B2C94361-913A-4AAF-9027-8919BC038E6B}.Debug|x86.Build.0 = Debug|x86
		{B2C94361-913A-4AAF-9027-8919BC038E6B}.Release|Any CPU.ActiveCfg = Release|x86
		{B2C94361-913A-4AAF-9027-8919BC038E6B}.Release|x86.ActiveCfg = Release|x86
		{B2C94361-913A-4AAF-9027-8919BC038E6B}.Release|x86.Build.0 = Release|x86
		{DE1F3C0D-0E73-444C-A114-CD20FB2E1527}.Debug|Any CPU.ActiveCfg = Debug|Any CPU
		{DE1F3C0D-0E73-444C-A114-CD20FB2E1527}.Debug|Any CPU.Build.0 = Debug|Any CPU
		{DE1F3C0D-0E73-444C-A114-CD20FB2E1527}.Debug|x86.ActiveCfg = Debug|Any CPU
		{DE1F3C0D-0E73-444C-A114-CD20FB2E1527}.Debug|x86.Build.0 = Debug|Any CPU
		{DE1F3C0D-0E73-444C-A114-CD20FB2E1527}.Release|Any CPU.ActiveCfg = Release|Any CPU
		{DE1F3C0D-0E73-444C-A114-CD20FB2E1527}.Release|Any CPU.Build.0 = Release|Any CPU
		{DE1F3C0D-0E73-444C-A114-CD20FB2E1527}.Release|x86.ActiveCfg = Release|Any CPU
		{DE1F3C0D-0E73-444C-A114-CD20FB2E1527}.Release|x86.Build.0 = Release|Any CPU
		{D6A5E940-820E-42E1-8C71-E253C841C602}.Debug|Any CPU.ActiveCfg = Debug|Any CPU
		{D6A5E940-820E-42E1-8C71-E253C841C602}.Debug|Any CPU.Build.0 = Debug|Any CPU
		{D6A5E940-820E-42E1-8C71-E253C841C602}.Debug|x86.ActiveCfg = Debug|Any CPU
		{D6A5E940-820E-42E1-8C71-E253C841C602}.Debug|x86.Build.0 = Debug|Any CPU
		{D6A5E940-820E-42E1-8C71-E253C841C602}.Release|Any CPU.ActiveCfg = Release|Any CPU
		{D6A5E940-820E-42E1-8C71-E253C841C602}.Release|Any CPU.Build.0 = Release|Any CPU
		{D6A5E940-820E-42E1-8C71-E253C841C602}.Release|x86.ActiveCfg = Release|Any CPU
		{D6A5E940-820E-42E1-8C71-E253C841C602}.Release|x86.Build.0 = Release|Any CPU
		{40E464E4-296A-437F-B076-2180A801E366}.Debug|Any CPU.ActiveCfg = Debug|Any CPU
		{40E464E4-296A-437F-B076-2180A801E366}.Debug|Any CPU.Build.0 = Debug|Any CPU
		{40E464E4-296A-437F-B076-2180A801E366}.Debug|x86.ActiveCfg = Debug|Any CPU
		{40E464E4-296A-437F-B076-2180A801E366}.Debug|x86.Build.0 = Debug|Any CPU
		{40E464E4-296A-437F-B076-2180A801E366}.Release|Any CPU.ActiveCfg = Release|Any CPU
		{40E464E4-296A-437F-B076-2180A801E366}.Release|Any CPU.Build.0 = Release|Any CPU
		{40E464E4-296A-437F-B076-2180A801E366}.Release|x86.ActiveCfg = Release|Any CPU
		{40E464E4-296A-437F-B076-2180A801E366}.Release|x86.Build.0 = Release|Any CPU
		{1ADC1C31-C821-429C-AD6B-780A164512EE}.Debug|Any CPU.ActiveCfg = Debug|Any CPU
		{1ADC1C31-C821-429C-AD6B-780A164512EE}.Debug|Any CPU.Build.0 = Debug|Any CPU
		{1ADC1C31-C821-429C-AD6B-780A164512EE}.Debug|x86.ActiveCfg = Debug|Any CPU
		{1ADC1C31-C821-429C-AD6B-780A164512EE}.Debug|x86.Build.0 = Debug|Any CPU
		{1ADC1C31-C821-429C-AD6B-780A164512EE}.Release|Any CPU.ActiveCfg = Release|Any CPU
		{1ADC1C31-C821-429C-AD6B-780A164512EE}.Release|Any CPU.Build.0 = Release|Any CPU
		{1ADC1C31-C821-429C-AD6B-780A164512EE}.Release|x86.ActiveCfg = Release|Any CPU
		{1ADC1C31-C821-429C-AD6B-780A164512EE}.Release|x86.Build.0 = Release|Any CPU
		{E12A411F-2B7E-4854-B376-3FCDE48B5010}.Debug|Any CPU.ActiveCfg = Debug|Any CPU
		{E12A411F-2B7E-4854-B376-3FCDE48B5010}.Debug|Any CPU.Build.0 = Debug|Any CPU
		{E12A411F-2B7E-4854-B376-3FCDE48B5010}.Debug|x86.ActiveCfg = Debug|Any CPU
		{E12A411F-2B7E-4854-B376-3FCDE48B5010}.Debug|x86.Build.0 = Debug|Any CPU
		{E12A411F-2B7E-4854-B376-3FCDE48B5010}.Release|Any CPU.ActiveCfg = Release|Any CPU
		{E12A411F-2B7E-4854-B376-3FCDE48B5010}.Release|Any CPU.Build.0 = Release|Any CPU
		{E12A411F-2B7E-4854-B376-3FCDE48B5010}.Release|x86.ActiveCfg = Release|Any CPU
		{E12A411F-2B7E-4854-B376-3FCDE48B5010}.Release|x86.Build.0 = Release|Any CPU
		{8CFD16F2-095A-4F16-927F-20FC33DB6B22}.Debug|Any CPU.ActiveCfg = Debug|Any CPU
		{8CFD16F2-095A-4F16-927F-20FC33DB6B22}.Debug|Any CPU.Build.0 = Debug|Any CPU
		{8CFD16F2-095A-4F16-927F-20FC33DB6B22}.Debug|x86.ActiveCfg = Debug|Any CPU
		{8CFD16F2-095A-4F16-927F-20FC33DB6B22}.Debug|x86.Build.0 = Debug|Any CPU
		{8CFD16F2-095A-4F16-927F-20FC33DB6B22}.Release|Any CPU.ActiveCfg = Release|Any CPU
		{8CFD16F2-095A-4F16-927F-20FC33DB6B22}.Release|Any CPU.Build.0 = Release|Any CPU
		{8CFD16F2-095A-4F16-927F-20FC33DB6B22}.Release|x86.ActiveCfg = Release|Any CPU
		{8CFD16F2-095A-4F16-927F-20FC33DB6B22}.Release|x86.Build.0 = Release|Any CPU
	EndGlobalSection
	GlobalSection(SolutionProperties) = preSolution
		HideSolutionNode = FALSE
	EndGlobalSection
	GlobalSection(NestedProjects) = preSolution
		{382FFAF1-5C1E-4298-AE9B-053AF025EC94} = {C1E23B86-76E9-4DBE-B642-066EF41B321C}
		{C9FC4A94-A3EA-4346-BCF5-08FF4FE9A382} = {C1E23B86-76E9-4DBE-B642-066EF41B321C}
		{61B65C1C-E846-41B6-A8B1-F690A28EFEFE} = {C1E23B86-76E9-4DBE-B642-066EF41B321C}
		{8C16E19E-55E0-4E6C-A912-C7554A38ACF8} = {C1E23B86-76E9-4DBE-B642-066EF41B321C}
		{B2C94361-913A-4AAF-9027-8919BC038E6B} = {C1E23B86-76E9-4DBE-B642-066EF41B321C}
		{DE1F3C0D-0E73-444C-A114-CD20FB2E1527} = {C1E23B86-76E9-4DBE-B642-066EF41B321C}
		{2770DD4C-01AB-48F7-8CF8-A697AD3BA625} = {FDCA9190-24DA-4342-9DCD-F4D9309F4FD3}
		{5A5732B1-FCC8-45F0-8E84-8906EA536EB2} = {FDCA9190-24DA-4342-9DCD-F4D9309F4FD3}
		{38634867-D5F1-4A99-BFD4-672150CAAF93} = {FDCA9190-24DA-4342-9DCD-F4D9309F4FD3}
		{8A1147AD-382F-415D-96D4-7532A056D864} = {FDCA9190-24DA-4342-9DCD-F4D9309F4FD3}
		{76ABC273-A196-4B25-8F8D-4FB1F8911E07} = {FDCA9190-24DA-4342-9DCD-F4D9309F4FD3}
		{9668BA24-B0A1-4833-B423-7DE6CCE2F22D} = {FDCA9190-24DA-4342-9DCD-F4D9309F4FD3}
		{AE67F99A-EC24-40F2-B46A-C4729B2FB4F4} = {FDCA9190-24DA-4342-9DCD-F4D9309F4FD3}
		{BB0F4798-8FFE-42AA-9A72-0D713955DDCA} = {FDCA9190-24DA-4342-9DCD-F4D9309F4FD3}
		{EE7DB842-B366-4079-A504-2E84231BFFED} = {38634867-D5F1-4A99-BFD4-672150CAAF93}
		{DDD20B7C-C4C6-41D1-A309-AB2724C9961C} = {FDCA9190-24DA-4342-9DCD-F4D9309F4FD3}
		{2653202E-34C2-4348-BB09-6FE10D7E43C7} = {FDCA9190-24DA-4342-9DCD-F4D9309F4FD3}
		{7FD79696-5B2A-4BF0-A18A-9B39E5460DD9} = {FDCA9190-24DA-4342-9DCD-F4D9309F4FD3}
		{CBCA5CFA-A563-4B5D-813D-71EB149B5F8C} = {FDCA9190-24DA-4342-9DCD-F4D9309F4FD3}
		{A5519046-F967-44DA-B90E-058B8ECACFA6} = {FDCA9190-24DA-4342-9DCD-F4D9309F4FD3}
		{1F03526F-FFEE-4182-A250-6E270A3C18AE} = {FDCA9190-24DA-4342-9DCD-F4D9309F4FD3}
		{D454983C-A73E-44A6-AD7F-893B44C566CB} = {FDCA9190-24DA-4342-9DCD-F4D9309F4FD3}
		{53C1618C-BCF7-4AFF-89FB-175756CDD56F} = {FDCA9190-24DA-4342-9DCD-F4D9309F4FD3}
		{AE402E79-2319-4C1E-A3A9-74C131023F6A} = {FDCA9190-24DA-4342-9DCD-F4D9309F4FD3}
		{D6A5E940-820E-42E1-8C71-E253C841C602} = {7D8C5DF1-9ED5-4599-BBD2-80111B86EA9A}
		{40E464E4-296A-437F-B076-2180A801E366} = {7D8C5DF1-9ED5-4599-BBD2-80111B86EA9A}
		{1ADC1C31-C821-429C-AD6B-780A164512EE} = {7D8C5DF1-9ED5-4599-BBD2-80111B86EA9A}
		{E12A411F-2B7E-4854-B376-3FCDE48B5010} = {7D8C5DF1-9ED5-4599-BBD2-80111B86EA9A}
		{8CFD16F2-095A-4F16-927F-20FC33DB6B22} = {7D8C5DF1-9ED5-4599-BBD2-80111B86EA9A}
	EndGlobalSection
	GlobalSection(ExtensibilityGlobals) = postSolution
		SolutionGuid = {3CB61927-F2AE-4C76-822C-CB10644233E9}
	EndGlobalSection
EndGlobal
