
Microsoft Visual Studio Solution File, Format Version 12.00
# Visual Studio 15
Project("{2150E333-8FDC-42A3-9474-1A3956D46DE8}") = "Week 1", "Week 1", "{C1E23B86-76E9-4DBE-B642-066EF41B321C}"
EndProject
Project("{2150E333-8FDC-42A3-9474-1A3956D46DE8}") = "Solution Items", "Solution Items", "{45983CC5-FC54-443B-AC82-0D320833E483}"
	ProjectSection(SolutionItems) = preProject
		Daniel_Antonov_RLog.xlsx = Daniel_Antonov_RLog.xlsx
	EndProjectSection
EndProject
Project("{2150E333-8FDC-42A3-9474-1A3956D46DE8}") = "Week 2", "Week 2", "{FDCA9190-24DA-4342-9DCD-F4D9309F4FD3}"
EndProject
Project("{2150E333-8FDC-42A3-9474-1A3956D46DE8}") = "Week 3", "Week 3", "{CEECEFAD-DEA5-4DDC-914E-58BF972E9B79}"
EndProject
Project("{2150E333-8FDC-42A3-9474-1A3956D46DE8}") = "Week 4", "Week 4", "{7D8C5DF1-9ED5-4599-BBD2-80111B86EA9A}"
EndProject
Project("{FAE04EC0-301F-11D3-BF4B-00C04F79EFBC}") = "ClassLibrary", "Week 1\ClassLibrary\ClassLibrary.csproj", "{382FFAF1-5C1E-4298-AE9B-053AF025EC94}"
EndProject
Project("{FAE04EC0-301F-11D3-BF4B-00C04F79EFBC}") = "Collections", "Week 1\Collections\Collections.csproj", "{C9FC4A94-A3EA-4346-BCF5-08FF4FE9A382}"
EndProject
Project("{FAE04EC0-301F-11D3-BF4B-00C04F79EFBC}") = "EnumAndSwitch", "Week 1\EnumAndSwitch\EnumAndSwitch.csproj", "{61B65C1C-E846-41B6-A8B1-F690A28EFEFE}"
EndProject
Project("{FAE04EC0-301F-11D3-BF4B-00C04F79EFBC}") = "Exercises", "Week 1\Exercises\Exercises.csproj", "{8C16E19E-55E0-4E6C-A912-C7554A38ACF8}"
EndProject
Project("{FAE04EC0-301F-11D3-BF4B-00C04F79EFBC}") = "LINQ", "Week 1\LINQ\LINQ.csproj", "{B2C94361-913A-4AAF-9027-8919BC038E6B}"
EndProject
Project("{FAE04EC0-301F-11D3-BF4B-00C04F79EFBC}") = "MyCodeLibrary", "Week 1\MyCodeLibrary\MyCodeLibrary.csproj", "{DE1F3C0D-0E73-444C-A114-CD20FB2E1527}"
EndProject
Global
	GlobalSection(SolutionConfigurationPlatforms) = preSolution
		Debug|x86 = Debug|x86
		Release|x86 = Release|x86
	EndGlobalSection
	GlobalSection(ProjectConfigurationPlatforms) = postSolution
		{382FFAF1-5C1E-4298-AE9B-053AF025EC94}.Debug|x86.ActiveCfg = Debug|x86
		{382FFAF1-5C1E-4298-AE9B-053AF025EC94}.Debug|x86.Build.0 = Debug|x86
		{382FFAF1-5C1E-4298-AE9B-053AF025EC94}.Release|x86.ActiveCfg = Release|x86
		{382FFAF1-5C1E-4298-AE9B-053AF025EC94}.Release|x86.Build.0 = Release|x86
		{C9FC4A94-A3EA-4346-BCF5-08FF4FE9A382}.Debug|x86.ActiveCfg = Debug|x86
		{C9FC4A94-A3EA-4346-BCF5-08FF4FE9A382}.Debug|x86.Build.0 = Debug|x86
		{C9FC4A94-A3EA-4346-BCF5-08FF4FE9A382}.Release|x86.ActiveCfg = Release|x86
		{C9FC4A94-A3EA-4346-BCF5-08FF4FE9A382}.Release|x86.Build.0 = Release|x86
		{61B65C1C-E846-41B6-A8B1-F690A28EFEFE}.Debug|x86.ActiveCfg = Debug|x86
		{61B65C1C-E846-41B6-A8B1-F690A28EFEFE}.Debug|x86.Build.0 = Debug|x86
		{61B65C1C-E846-41B6-A8B1-F690A28EFEFE}.Release|x86.ActiveCfg = Release|x86
		{61B65C1C-E846-41B6-A8B1-F690A28EFEFE}.Release|x86.Build.0 = Release|x86
		{8C16E19E-55E0-4E6C-A912-C7554A38ACF8}.Debug|x86.ActiveCfg = Debug|x86
		{8C16E19E-55E0-4E6C-A912-C7554A38ACF8}.Debug|x86.Build.0 = Debug|x86
		{8C16E19E-55E0-4E6C-A912-C7554A38ACF8}.Release|x86.ActiveCfg = Release|x86
		{8C16E19E-55E0-4E6C-A912-C7554A38ACF8}.Release|x86.Build.0 = Release|x86
		{B2C94361-913A-4AAF-9027-8919BC038E6B}.Debug|x86.ActiveCfg = Debug|x86
		{B2C94361-913A-4AAF-9027-8919BC038E6B}.Debug|x86.Build.0 = Debug|x86
		{B2C94361-913A-4AAF-9027-8919BC038E6B}.Release|x86.ActiveCfg = Release|x86
		{B2C94361-913A-4AAF-9027-8919BC038E6B}.Release|x86.Build.0 = Release|x86
		{DE1F3C0D-0E73-444C-A114-CD20FB2E1527}.Debug|x86.ActiveCfg = Debug|Any CPU
		{DE1F3C0D-0E73-444C-A114-CD20FB2E1527}.Debug|x86.Build.0 = Debug|Any CPU
		{DE1F3C0D-0E73-444C-A114-CD20FB2E1527}.Release|x86.ActiveCfg = Release|Any CPU
		{DE1F3C0D-0E73-444C-A114-CD20FB2E1527}.Release|x86.Build.0 = Release|Any CPU
	EndGlobalSection
	GlobalSection(NestedProjects) = preSolution
		{382FFAF1-5C1E-4298-AE9B-053AF025EC94} = {C1E23B86-76E9-4DBE-B642-066EF41B321C}
		{C9FC4A94-A3EA-4346-BCF5-08FF4FE9A382} = {C1E23B86-76E9-4DBE-B642-066EF41B321C}
		{61B65C1C-E846-41B6-A8B1-F690A28EFEFE} = {C1E23B86-76E9-4DBE-B642-066EF41B321C}
		{8C16E19E-55E0-4E6C-A912-C7554A38ACF8} = {C1E23B86-76E9-4DBE-B642-066EF41B321C}
		{B2C94361-913A-4AAF-9027-8919BC038E6B} = {C1E23B86-76E9-4DBE-B642-066EF41B321C}
		{DE1F3C0D-0E73-444C-A114-CD20FB2E1527} = {C1E23B86-76E9-4DBE-B642-066EF41B321C}
	EndGlobalSection
EndGlobal
